
Microsoft Visual Studio Solution File, Format Version 12.00
# Visual Studio Version 17
VisualStudioVersion = 17.6.33717.318
MinimumVisualStudioVersion = 10.0.40219.1
Project("{FAE04EC0-301F-11D3-BF4B-00C04F79EFBC}") = "ClassAdv31", "ClassAdv31\ClassAdv31.csproj", "{02FB7F92-7326-4910-9770-3E9CDD221731}"
EndProject
Global
	GlobalSection(SolutionConfigurationPlatforms) = preSolution
		Debug|Any CPU = Debug|Any CPU
		Release|Any CPU = Release|Any CPU
	EndGlobalSection
	GlobalSection(ProjectConfigurationPlatforms) = postSolution
		{02FB7F92-7326-4910-9770-3E9CDD221731}.Debug|Any CPU.ActiveCfg = Debug|Any CPU
		{02FB7F92-7326-4910-9770-3E9CDD221731}.Debug|Any CPU.Build.0 = Debug|Any CPU
		{02FB7F92-7326-4910-9770-3E9CDD221731}.Release|Any CPU.ActiveCfg = Release|Any CPU
		{02FB7F92-7326-4910-9770-3E9CDD221731}.Release|Any CPU.Build.0 = Release|Any CPU
	EndGlobalSection
	GlobalSection(SolutionProperties) = preSolution
		HideSolutionNode = FALSE
	EndGlobalSection
	GlobalSection(ExtensibilityGlobals) = postSolution
		SolutionGuid = {7A6BC2E1-6C91-4F0A-9BE4-2838A81A70A3}
	EndGlobalSection
EndGlobal
